// !$*UTF8*$!
{
	archiveVersion = 1;
	classes = {
	};
	objectVersion = 60;
	objects = {

/* Begin PBXBuildFile section */
		2201C7072AF0E8A0001A93B5 /* NetworkManager.swift in Sources */ = {isa = PBXBuildFile; fileRef = 2201C7062AF0E8A0001A93B5 /* NetworkManager.swift */; };
		2201C7092AF0EAD8001A93B5 /* .swiftlint.yml in Resources */ = {isa = PBXBuildFile; fileRef = 2201C7082AF0EAD8001A93B5 /* .swiftlint.yml */; };
		2201C70D2AF0EF01001A93B5 /* Secrets.xcconfig in Resources */ = {isa = PBXBuildFile; fileRef = 2201C70C2AF0EEFB001A93B5 /* Secrets.xcconfig */; };
		2201C70F2AF0F393001A93B5 /* Bundle+.swift in Sources */ = {isa = PBXBuildFile; fileRef = 2201C70E2AF0F393001A93B5 /* Bundle+.swift */; };
		220443712AF4C5EA0027E3EF /* SearchResult.swift in Sources */ = {isa = PBXBuildFile; fileRef = 220443702AF4C5EA0027E3EF /* SearchResult.swift */; };
		225D0ABC2AF131A1002AD604 /* BKError.swift in Sources */ = {isa = PBXBuildFile; fileRef = 225D0ABB2AF131A1002AD604 /* BKError.swift */; };
		225EC4BF2A948973002FC0B6 /* UIColor+.swift in Sources */ = {isa = PBXBuildFile; fileRef = 225EC4BE2A948973002FC0B6 /* UIColor+.swift */; };
		227A230F2A860C3600BE461E /* SearchViewController.swift in Sources */ = {isa = PBXBuildFile; fileRef = 227A230E2A860C3600BE461E /* SearchViewController.swift */; };
		227A23112A860C3F00BE461E /* BookCaseViewController.swift in Sources */ = {isa = PBXBuildFile; fileRef = 227A23102A860C3F00BE461E /* BookCaseViewController.swift */; };
		227A23132A860C6F00BE461E /* HabitsViewController.swift in Sources */ = {isa = PBXBuildFile; fileRef = 227A23122A860C6F00BE461E /* HabitsViewController.swift */; };
		227A23152A860C7C00BE461E /* SettingsViewController.swift in Sources */ = {isa = PBXBuildFile; fileRef = 227A23142A860C7C00BE461E /* SettingsViewController.swift */; };
		227A231A2A8611BA00BE461E /* Bookie.xcdatamodeld in Sources */ = {isa = PBXBuildFile; fileRef = 22990C0E2A6EBF84001CF1B3 /* Bookie.xcdatamodeld */; };
		227A231E2A861F5B00BE461E /* BKTabBarController.swift in Sources */ = {isa = PBXBuildFile; fileRef = 227A231D2A861F5B00BE461E /* BKTabBarController.swift */; };
		227A23202A8625EA00BE461E /* Constants.swift in Sources */ = {isa = PBXBuildFile; fileRef = 227A231F2A8625EA00BE461E /* Constants.swift */; };
		22990C062A6EBF83001CF1B3 /* AppDelegate.swift in Sources */ = {isa = PBXBuildFile; fileRef = 22990C052A6EBF83001CF1B3 /* AppDelegate.swift */; };
		22990C082A6EBF84001CF1B3 /* SceneDelegate.swift in Sources */ = {isa = PBXBuildFile; fileRef = 22990C072A6EBF84001CF1B3 /* SceneDelegate.swift */; };
		22990C0A2A6EBF84001CF1B3 /* HomeViewController.swift in Sources */ = {isa = PBXBuildFile; fileRef = 22990C092A6EBF84001CF1B3 /* HomeViewController.swift */; };
		22990C122A6EBF8B001CF1B3 /* Assets.xcassets in Resources */ = {isa = PBXBuildFile; fileRef = 22990C112A6EBF8B001CF1B3 /* Assets.xcassets */; };
		22990C152A6EBF8B001CF1B3 /* LaunchScreen.storyboard in Resources */ = {isa = PBXBuildFile; fileRef = 22990C132A6EBF8B001CF1B3 /* LaunchScreen.storyboard */; };
		22C1EBB12AEA462800E4477A /* SpoqaHanSansNeo-Medium.ttf in Resources */ = {isa = PBXBuildFile; fileRef = 22C1EBAC2AEA462700E4477A /* SpoqaHanSansNeo-Medium.ttf */; };
		22C1EBB22AEA462800E4477A /* SpoqaHanSansNeo-Bold.ttf in Resources */ = {isa = PBXBuildFile; fileRef = 22C1EBAD2AEA462700E4477A /* SpoqaHanSansNeo-Bold.ttf */; };
		22C1EBB32AEA462800E4477A /* SpoqaHanSansNeo-Light.ttf in Resources */ = {isa = PBXBuildFile; fileRef = 22C1EBAE2AEA462700E4477A /* SpoqaHanSansNeo-Light.ttf */; };
		22C1EBB42AEA462800E4477A /* SpoqaHanSansNeo-Thin.ttf in Resources */ = {isa = PBXBuildFile; fileRef = 22C1EBAF2AEA462800E4477A /* SpoqaHanSansNeo-Thin.ttf */; };
		22C1EBB52AEA462800E4477A /* SpoqaHanSansNeo-Regular.ttf in Resources */ = {isa = PBXBuildFile; fileRef = 22C1EBB02AEA462800E4477A /* SpoqaHanSansNeo-Regular.ttf */; };
/* End PBXBuildFile section */

/* Begin PBXFileReference section */
		2201C7062AF0E8A0001A93B5 /* NetworkManager.swift */ = {isa = PBXFileReference; lastKnownFileType = sourcecode.swift; path = NetworkManager.swift; sourceTree = "<group>"; };
		2201C7082AF0EAD8001A93B5 /* .swiftlint.yml */ = {isa = PBXFileReference; fileEncoding = 4; lastKnownFileType = text.yaml; path = .swiftlint.yml; sourceTree = "<group>"; };
		2201C70C2AF0EEFB001A93B5 /* Secrets.xcconfig */ = {isa = PBXFileReference; lastKnownFileType = text.xcconfig; path = Secrets.xcconfig; sourceTree = "<group>"; };
		2201C70E2AF0F393001A93B5 /* Bundle+.swift */ = {isa = PBXFileReference; lastKnownFileType = sourcecode.swift; path = "Bundle+.swift"; sourceTree = "<group>"; };
		220443702AF4C5EA0027E3EF /* SearchResult.swift */ = {isa = PBXFileReference; lastKnownFileType = sourcecode.swift; path = SearchResult.swift; sourceTree = "<group>"; };
		225D0ABB2AF131A1002AD604 /* BKError.swift */ = {isa = PBXFileReference; lastKnownFileType = sourcecode.swift; path = BKError.swift; sourceTree = "<group>"; };
		225EC4BE2A948973002FC0B6 /* UIColor+.swift */ = {isa = PBXFileReference; lastKnownFileType = sourcecode.swift; path = "UIColor+.swift"; sourceTree = "<group>"; };
		227A230E2A860C3600BE461E /* SearchViewController.swift */ = {isa = PBXFileReference; lastKnownFileType = sourcecode.swift; path = SearchViewController.swift; sourceTree = "<group>"; };
		227A23102A860C3F00BE461E /* BookCaseViewController.swift */ = {isa = PBXFileReference; lastKnownFileType = sourcecode.swift; path = BookCaseViewController.swift; sourceTree = "<group>"; };
		227A23122A860C6F00BE461E /* HabitsViewController.swift */ = {isa = PBXFileReference; lastKnownFileType = sourcecode.swift; path = HabitsViewController.swift; sourceTree = "<group>"; };
		227A23142A860C7C00BE461E /* SettingsViewController.swift */ = {isa = PBXFileReference; lastKnownFileType = sourcecode.swift; path = SettingsViewController.swift; sourceTree = "<group>"; };
		227A231D2A861F5B00BE461E /* BKTabBarController.swift */ = {isa = PBXFileReference; lastKnownFileType = sourcecode.swift; path = BKTabBarController.swift; sourceTree = "<group>"; };
		227A231F2A8625EA00BE461E /* Constants.swift */ = {isa = PBXFileReference; lastKnownFileType = sourcecode.swift; path = Constants.swift; sourceTree = "<group>"; };
		22990C022A6EBF83001CF1B3 /* Bookie.app */ = {isa = PBXFileReference; explicitFileType = wrapper.application; includeInIndex = 0; path = Bookie.app; sourceTree = BUILT_PRODUCTS_DIR; };
		22990C052A6EBF83001CF1B3 /* AppDelegate.swift */ = {isa = PBXFileReference; lastKnownFileType = sourcecode.swift; path = AppDelegate.swift; sourceTree = "<group>"; };
		22990C072A6EBF84001CF1B3 /* SceneDelegate.swift */ = {isa = PBXFileReference; lastKnownFileType = sourcecode.swift; path = SceneDelegate.swift; sourceTree = "<group>"; };
		22990C092A6EBF84001CF1B3 /* HomeViewController.swift */ = {isa = PBXFileReference; lastKnownFileType = sourcecode.swift; path = HomeViewController.swift; sourceTree = "<group>"; };
		22990C0F2A6EBF84001CF1B3 /* Bookie.xcdatamodel */ = {isa = PBXFileReference; lastKnownFileType = wrapper.xcdatamodel; path = Bookie.xcdatamodel; sourceTree = "<group>"; };
		22990C112A6EBF8B001CF1B3 /* Assets.xcassets */ = {isa = PBXFileReference; lastKnownFileType = folder.assetcatalog; path = Assets.xcassets; sourceTree = "<group>"; };
		22990C142A6EBF8B001CF1B3 /* Base */ = {isa = PBXFileReference; lastKnownFileType = file.storyboard; name = Base; path = Base.lproj/LaunchScreen.storyboard; sourceTree = "<group>"; };
		22990C162A6EBF8B001CF1B3 /* Info.plist */ = {isa = PBXFileReference; lastKnownFileType = text.plist.xml; path = Info.plist; sourceTree = "<group>"; };
		22BF43F12A6F6D3600AF167C /* Bookie.entitlements */ = {isa = PBXFileReference; lastKnownFileType = text.plist.entitlements; path = Bookie.entitlements; sourceTree = "<group>"; };
		22C1EBAC2AEA462700E4477A /* SpoqaHanSansNeo-Medium.ttf */ = {isa = PBXFileReference; lastKnownFileType = file; path = "SpoqaHanSansNeo-Medium.ttf"; sourceTree = "<group>"; };
		22C1EBAD2AEA462700E4477A /* SpoqaHanSansNeo-Bold.ttf */ = {isa = PBXFileReference; lastKnownFileType = file; path = "SpoqaHanSansNeo-Bold.ttf"; sourceTree = "<group>"; };
		22C1EBAE2AEA462700E4477A /* SpoqaHanSansNeo-Light.ttf */ = {isa = PBXFileReference; lastKnownFileType = file; path = "SpoqaHanSansNeo-Light.ttf"; sourceTree = "<group>"; };
		22C1EBAF2AEA462800E4477A /* SpoqaHanSansNeo-Thin.ttf */ = {isa = PBXFileReference; lastKnownFileType = file; path = "SpoqaHanSansNeo-Thin.ttf"; sourceTree = "<group>"; };
		22C1EBB02AEA462800E4477A /* SpoqaHanSansNeo-Regular.ttf */ = {isa = PBXFileReference; lastKnownFileType = file; path = "SpoqaHanSansNeo-Regular.ttf"; sourceTree = "<group>"; };
/* End PBXFileReference section */

/* Begin PBXFrameworksBuildPhase section */
		22990BFF2A6EBF83001CF1B3 /* Frameworks */ = {
			isa = PBXFrameworksBuildPhase;
			buildActionMask = 2147483647;
			files = (
			);
			runOnlyForDeploymentPostprocessing = 0;
		};
/* End PBXFrameworksBuildPhase section */

/* Begin PBXGroup section */
		2201C7052AF0E893001A93B5 /* Managers */ = {
			isa = PBXGroup;
			children = (
				2201C7062AF0E8A0001A93B5 /* NetworkManager.swift */,
			);
			path = Managers;
			sourceTree = "<group>";
		};
		225D0ABD2AF13B60002AD604 /* Models */ = {
			isa = PBXGroup;
			children = (
				220443702AF4C5EA0027E3EF /* SearchResult.swift */,
			);
			path = Models;
			sourceTree = "<group>";
		};
		227A230D2A860AC200BE461E /* Screens */ = {
			isa = PBXGroup;
			children = (
				22990C092A6EBF84001CF1B3 /* HomeViewController.swift */,
				227A230E2A860C3600BE461E /* SearchViewController.swift */,
				227A23102A860C3F00BE461E /* BookCaseViewController.swift */,
				227A23122A860C6F00BE461E /* HabitsViewController.swift */,
				227A23142A860C7C00BE461E /* SettingsViewController.swift */,
			);
			path = Screens;
			sourceTree = "<group>";
		};
		227A23162A860D1D00BE461E /* Custom Views */ = {
			isa = PBXGroup;
			children = (
				227A231C2A861F3900BE461E /* TabBar */,
			);
			path = "Custom Views";
			sourceTree = "<group>";
		};
		227A23172A860D2500BE461E /* Support */ = {
			isa = PBXGroup;
			children = (
				22C1EBAB2AEA460600E4477A /* Fonts */,
				22990C0E2A6EBF84001CF1B3 /* Bookie.xcdatamodeld */,
				22BF43F12A6F6D3600AF167C /* Bookie.entitlements */,
				22990C052A6EBF83001CF1B3 /* AppDelegate.swift */,
				22990C072A6EBF84001CF1B3 /* SceneDelegate.swift */,
				22990C112A6EBF8B001CF1B3 /* Assets.xcassets */,
				22990C132A6EBF8B001CF1B3 /* LaunchScreen.storyboard */,
				22990C162A6EBF8B001CF1B3 /* Info.plist */,
				2201C70C2AF0EEFB001A93B5 /* Secrets.xcconfig */,
			);
			path = Support;
			sourceTree = "<group>";
		};
		227A23182A860D2900BE461E /* Extensions */ = {
			isa = PBXGroup;
			children = (
				225EC4BE2A948973002FC0B6 /* UIColor+.swift */,
				2201C70E2AF0F393001A93B5 /* Bundle+.swift */,
			);
			path = Extensions;
			sourceTree = "<group>";
		};
		227A23192A860D6300BE461E /* Utilities */ = {
			isa = PBXGroup;
			children = (
				227A231F2A8625EA00BE461E /* Constants.swift */,
				225D0ABB2AF131A1002AD604 /* BKError.swift */,
			);
			path = Utilities;
			sourceTree = "<group>";
		};
		227A231C2A861F3900BE461E /* TabBar */ = {
			isa = PBXGroup;
			children = (
				227A231D2A861F5B00BE461E /* BKTabBarController.swift */,
			);
			path = TabBar;
			sourceTree = "<group>";
		};
		22990BF92A6EBF83001CF1B3 = {
			isa = PBXGroup;
			children = (
				22990C042A6EBF83001CF1B3 /* Bookie */,
				22990C032A6EBF83001CF1B3 /* Products */,
			);
			sourceTree = "<group>";
		};
		22990C032A6EBF83001CF1B3 /* Products */ = {
			isa = PBXGroup;
			children = (
				22990C022A6EBF83001CF1B3 /* Bookie.app */,
			);
			name = Products;
			sourceTree = "<group>";
		};
		22990C042A6EBF83001CF1B3 /* Bookie */ = {
			isa = PBXGroup;
			children = (
				225D0ABD2AF13B60002AD604 /* Models */,
				2201C7082AF0EAD8001A93B5 /* .swiftlint.yml */,
				2201C7052AF0E893001A93B5 /* Managers */,
				227A23192A860D6300BE461E /* Utilities */,
				227A23182A860D2900BE461E /* Extensions */,
				227A23172A860D2500BE461E /* Support */,
				227A23162A860D1D00BE461E /* Custom Views */,
				227A230D2A860AC200BE461E /* Screens */,
			);
			path = Bookie;
			sourceTree = "<group>";
		};
		22C1EBAB2AEA460600E4477A /* Fonts */ = {
			isa = PBXGroup;
			children = (
				22C1EBAD2AEA462700E4477A /* SpoqaHanSansNeo-Bold.ttf */,
				22C1EBAE2AEA462700E4477A /* SpoqaHanSansNeo-Light.ttf */,
				22C1EBAC2AEA462700E4477A /* SpoqaHanSansNeo-Medium.ttf */,
				22C1EBB02AEA462800E4477A /* SpoqaHanSansNeo-Regular.ttf */,
				22C1EBAF2AEA462800E4477A /* SpoqaHanSansNeo-Thin.ttf */,
			);
			path = Fonts;
			sourceTree = "<group>";
		};
/* End PBXGroup section */

/* Begin PBXNativeTarget section */
		22990C012A6EBF83001CF1B3 /* Bookie */ = {
			isa = PBXNativeTarget;
			buildConfigurationList = 22990C2F2A6EBF8C001CF1B3 /* Build configuration list for PBXNativeTarget "Bookie" */;
			buildPhases = (
				22990BFE2A6EBF83001CF1B3 /* Sources */,
				22990BFF2A6EBF83001CF1B3 /* Frameworks */,
				22990C002A6EBF83001CF1B3 /* Resources */,
				22BF43F22A6F853300AF167C /* SwiftLint(Airbnb Swift Style Guide) */,
			);
			buildRules = (
			);
			dependencies = (
			);
			name = Bookie;
			packageProductDependencies = (
			);
			productName = Bookie;
			productReference = 22990C022A6EBF83001CF1B3 /* Bookie.app */;
			productType = "com.apple.product-type.application";
		};
/* End PBXNativeTarget section */

/* Begin PBXProject section */
		22990BFA2A6EBF83001CF1B3 /* Project object */ = {
			isa = PBXProject;
			attributes = {
				BuildIndependentTargetsInParallel = 1;
				LastSwiftUpdateCheck = 1430;
				LastUpgradeCheck = 1500;
				TargetAttributes = {
					22990C012A6EBF83001CF1B3 = {
						CreatedOnToolsVersion = 14.3.1;
					};
				};
			};
			buildConfigurationList = 22990BFD2A6EBF83001CF1B3 /* Build configuration list for PBXProject "Bookie" */;
			compatibilityVersion = "Xcode 15.0";
			developmentRegion = en;
			hasScannedForEncodings = 0;
			knownRegions = (
				en,
				Base,
			);
			mainGroup = 22990BF92A6EBF83001CF1B3;
			packageReferences = (
				22D9C9802AFCAB6A00DC72B4 /* XCRemoteSwiftPackageReference "swift" */,
			);
			productRefGroup = 22990C032A6EBF83001CF1B3 /* Products */;
			projectDirPath = "";
			projectRoot = "";
			targets = (
				22990C012A6EBF83001CF1B3 /* Bookie */,
			);
		};
/* End PBXProject section */

/* Begin PBXResourcesBuildPhase section */
		22990C002A6EBF83001CF1B3 /* Resources */ = {
			isa = PBXResourcesBuildPhase;
			buildActionMask = 2147483647;
			files = (
				2201C7092AF0EAD8001A93B5 /* .swiftlint.yml in Resources */,
				22C1EBB42AEA462800E4477A /* SpoqaHanSansNeo-Thin.ttf in Resources */,
				2201C70D2AF0EF01001A93B5 /* Secrets.xcconfig in Resources */,
				22C1EBB52AEA462800E4477A /* SpoqaHanSansNeo-Regular.ttf in Resources */,
				22C1EBB32AEA462800E4477A /* SpoqaHanSansNeo-Light.ttf in Resources */,
				22C1EBB22AEA462800E4477A /* SpoqaHanSansNeo-Bold.ttf in Resources */,
				22C1EBB12AEA462800E4477A /* SpoqaHanSansNeo-Medium.ttf in Resources */,
				22990C152A6EBF8B001CF1B3 /* LaunchScreen.storyboard in Resources */,
				22990C122A6EBF8B001CF1B3 /* Assets.xcassets in Resources */,
			);
			runOnlyForDeploymentPostprocessing = 0;
		};
/* End PBXResourcesBuildPhase section */

/* Begin PBXShellScriptBuildPhase section */
		22BF43F22A6F853300AF167C /* SwiftLint(Airbnb Swift Style Guide) */ = {
			isa = PBXShellScriptBuildPhase;
			alwaysOutOfDate = 1;
			buildActionMask = 2147483647;
			files = (
			);
			inputFileListPaths = (
			);
			inputPaths = (
			);
			name = "SwiftLint(Airbnb Swift Style Guide)";
			outputFileListPaths = (
			);
			outputPaths = (
			);
			runOnlyForDeploymentPostprocessing = 0;
			shellPath = /bin/sh;
			shellScript = " export PATH=\"$PATH:/opt/homebrew/bin\"\n if which swiftlint >/dev/null; then\n     swiftlint\n else \n     echo \"[warning] SwiftLint not installed, download using `brew install swiftlint`\"\n fi\n";
		};
/* End PBXShellScriptBuildPhase section */

/* Begin PBXSourcesBuildPhase section */
		22990BFE2A6EBF83001CF1B3 /* Sources */ = {
			isa = PBXSourcesBuildPhase;
			buildActionMask = 2147483647;
			files = (
				227A231A2A8611BA00BE461E /* Bookie.xcdatamodeld in Sources */,
				225D0ABC2AF131A1002AD604 /* BKError.swift in Sources */,
				2201C70F2AF0F393001A93B5 /* Bundle+.swift in Sources */,
				227A230F2A860C3600BE461E /* SearchViewController.swift in Sources */,
				227A23132A860C6F00BE461E /* HabitsViewController.swift in Sources */,
				2201C7072AF0E8A0001A93B5 /* NetworkManager.swift in Sources */,
				22990C0A2A6EBF84001CF1B3 /* HomeViewController.swift in Sources */,
				220443712AF4C5EA0027E3EF /* SearchResult.swift in Sources */,
				225EC4BF2A948973002FC0B6 /* UIColor+.swift in Sources */,
				22990C062A6EBF83001CF1B3 /* AppDelegate.swift in Sources */,
				227A23202A8625EA00BE461E /* Constants.swift in Sources */,
				227A23112A860C3F00BE461E /* BookCaseViewController.swift in Sources */,
				22990C082A6EBF84001CF1B3 /* SceneDelegate.swift in Sources */,
				227A23152A860C7C00BE461E /* SettingsViewController.swift in Sources */,
				227A231E2A861F5B00BE461E /* BKTabBarController.swift in Sources */,
			);
			runOnlyForDeploymentPostprocessing = 0;
		};
/* End PBXSourcesBuildPhase section */

/* Begin PBXVariantGroup section */
		22990C132A6EBF8B001CF1B3 /* LaunchScreen.storyboard */ = {
			isa = PBXVariantGroup;
			children = (
				22990C142A6EBF8B001CF1B3 /* Base */,
			);
			name = LaunchScreen.storyboard;
			sourceTree = "<group>";
		};
/* End PBXVariantGroup section */

/* Begin XCBuildConfiguration section */
		22990C2D2A6EBF8C001CF1B3 /* Debug */ = {
			isa = XCBuildConfiguration;
			buildSettings = {
				ALWAYS_SEARCH_USER_PATHS = NO;
				ASSETCATALOG_COMPILER_GENERATE_SWIFT_ASSET_SYMBOL_EXTENSIONS = YES;
				CLANG_ANALYZER_NONNULL = YES;
				CLANG_ANALYZER_NUMBER_OBJECT_CONVERSION = YES_AGGRESSIVE;
				CLANG_CXX_LANGUAGE_STANDARD = "gnu++20";
				CLANG_ENABLE_MODULES = YES;
				CLANG_ENABLE_OBJC_ARC = YES;
				CLANG_ENABLE_OBJC_WEAK = YES;
				CLANG_WARN_BLOCK_CAPTURE_AUTORELEASING = YES;
				CLANG_WARN_BOOL_CONVERSION = YES;
				CLANG_WARN_COMMA = YES;
				CLANG_WARN_CONSTANT_CONVERSION = YES;
				CLANG_WARN_DEPRECATED_OBJC_IMPLEMENTATIONS = YES;
				CLANG_WARN_DIRECT_OBJC_ISA_USAGE = YES_ERROR;
				CLANG_WARN_DOCUMENTATION_COMMENTS = YES;
				CLANG_WARN_EMPTY_BODY = YES;
				CLANG_WARN_ENUM_CONVERSION = YES;
				CLANG_WARN_INFINITE_RECURSION = YES;
				CLANG_WARN_INT_CONVERSION = YES;
				CLANG_WARN_NON_LITERAL_NULL_CONVERSION = YES;
				CLANG_WARN_OBJC_IMPLICIT_RETAIN_SELF = YES;
				CLANG_WARN_OBJC_LITERAL_CONVERSION = YES;
				CLANG_WARN_OBJC_ROOT_CLASS = YES_ERROR;
				CLANG_WARN_QUOTED_INCLUDE_IN_FRAMEWORK_HEADER = YES;
				CLANG_WARN_RANGE_LOOP_ANALYSIS = YES;
				CLANG_WARN_STRICT_PROTOTYPES = YES;
				CLANG_WARN_SUSPICIOUS_MOVE = YES;
				CLANG_WARN_UNGUARDED_AVAILABILITY = YES_AGGRESSIVE;
				CLANG_WARN_UNREACHABLE_CODE = YES;
				CLANG_WARN__DUPLICATE_METHOD_MATCH = YES;
				COPY_PHASE_STRIP = NO;
				DEBUG_INFORMATION_FORMAT = dwarf;
				ENABLE_STRICT_OBJC_MSGSEND = YES;
				ENABLE_TESTABILITY = YES;
				ENABLE_USER_SCRIPT_SANDBOXING = NO;
				GCC_C_LANGUAGE_STANDARD = gnu11;
				GCC_DYNAMIC_NO_PIC = NO;
				GCC_NO_COMMON_BLOCKS = YES;
				GCC_OPTIMIZATION_LEVEL = 0;
				GCC_PREPROCESSOR_DEFINITIONS = (
					"DEBUG=1",
					"$(inherited)",
				);
				GCC_WARN_64_TO_32_BIT_CONVERSION = YES;
				GCC_WARN_ABOUT_RETURN_TYPE = YES_ERROR;
				GCC_WARN_UNDECLARED_SELECTOR = YES;
				GCC_WARN_UNINITIALIZED_AUTOS = YES_AGGRESSIVE;
				GCC_WARN_UNUSED_FUNCTION = YES;
				GCC_WARN_UNUSED_VARIABLE = YES;
				IPHONEOS_DEPLOYMENT_TARGET = 17.0;
				MERGEABLE_LIBRARY = NO;
				MTL_ENABLE_DEBUG_INFO = INCLUDE_SOURCE;
				MTL_FAST_MATH = YES;
				ONLY_ACTIVE_ARCH = YES;
				SDKROOT = iphoneos;
				SWIFT_ACTIVE_COMPILATION_CONDITIONS = DEBUG;
				SWIFT_OPTIMIZATION_LEVEL = "-Onone";
			};
			name = Debug;
		};
		22990C2E2A6EBF8C001CF1B3 /* Release */ = {
			isa = XCBuildConfiguration;
			buildSettings = {
				ALWAYS_SEARCH_USER_PATHS = NO;
				ASSETCATALOG_COMPILER_GENERATE_SWIFT_ASSET_SYMBOL_EXTENSIONS = YES;
				CLANG_ANALYZER_NONNULL = YES;
				CLANG_ANALYZER_NUMBER_OBJECT_CONVERSION = YES_AGGRESSIVE;
				CLANG_CXX_LANGUAGE_STANDARD = "gnu++20";
				CLANG_ENABLE_MODULES = YES;
				CLANG_ENABLE_OBJC_ARC = YES;
				CLANG_ENABLE_OBJC_WEAK = YES;
				CLANG_WARN_BLOCK_CAPTURE_AUTORELEASING = YES;
				CLANG_WARN_BOOL_CONVERSION = YES;
				CLANG_WARN_COMMA = YES;
				CLANG_WARN_CONSTANT_CONVERSION = YES;
				CLANG_WARN_DEPRECATED_OBJC_IMPLEMENTATIONS = YES;
				CLANG_WARN_DIRECT_OBJC_ISA_USAGE = YES_ERROR;
				CLANG_WARN_DOCUMENTATION_COMMENTS = YES;
				CLANG_WARN_EMPTY_BODY = YES;
				CLANG_WARN_ENUM_CONVERSION = YES;
				CLANG_WARN_INFINITE_RECURSION = YES;
				CLANG_WARN_INT_CONVERSION = YES;
				CLANG_WARN_NON_LITERAL_NULL_CONVERSION = YES;
				CLANG_WARN_OBJC_IMPLICIT_RETAIN_SELF = YES;
				CLANG_WARN_OBJC_LITERAL_CONVERSION = YES;
				CLANG_WARN_OBJC_ROOT_CLASS = YES_ERROR;
				CLANG_WARN_QUOTED_INCLUDE_IN_FRAMEWORK_HEADER = YES;
				CLANG_WARN_RANGE_LOOP_ANALYSIS = YES;
				CLANG_WARN_STRICT_PROTOTYPES = YES;
				CLANG_WARN_SUSPICIOUS_MOVE = YES;
				CLANG_WARN_UNGUARDED_AVAILABILITY = YES_AGGRESSIVE;
				CLANG_WARN_UNREACHABLE_CODE = YES;
				CLANG_WARN__DUPLICATE_METHOD_MATCH = YES;
				COPY_PHASE_STRIP = NO;
				DEBUG_INFORMATION_FORMAT = "dwarf-with-dsym";
				ENABLE_NS_ASSERTIONS = NO;
				ENABLE_STRICT_OBJC_MSGSEND = YES;
				ENABLE_USER_SCRIPT_SANDBOXING = NO;
				GCC_C_LANGUAGE_STANDARD = gnu11;
				GCC_NO_COMMON_BLOCKS = YES;
				GCC_WARN_64_TO_32_BIT_CONVERSION = YES;
				GCC_WARN_ABOUT_RETURN_TYPE = YES_ERROR;
				GCC_WARN_UNDECLARED_SELECTOR = YES;
				GCC_WARN_UNINITIALIZED_AUTOS = YES_AGGRESSIVE;
				GCC_WARN_UNUSED_FUNCTION = YES;
				GCC_WARN_UNUSED_VARIABLE = YES;
				IPHONEOS_DEPLOYMENT_TARGET = 17.0;
				MERGEABLE_LIBRARY = NO;
				MTL_ENABLE_DEBUG_INFO = NO;
				MTL_FAST_MATH = YES;
				SDKROOT = iphoneos;
				SWIFT_COMPILATION_MODE = wholemodule;
				SWIFT_OPTIMIZATION_LEVEL = "-O";
				VALIDATE_PRODUCT = YES;
			};
			name = Release;
		};
		22990C302A6EBF8C001CF1B3 /* Debug */ = {
			isa = XCBuildConfiguration;
			baseConfigurationReference = 2201C70C2AF0EEFB001A93B5 /* Secrets.xcconfig */;
			buildSettings = {
				ASSETCATALOG_COMPILER_APPICON_NAME = AppIcon;
				ASSETCATALOG_COMPILER_GLOBAL_ACCENT_COLOR_NAME = AccentColor;
				CODE_SIGN_ENTITLEMENTS = Bookie/Support/Bookie.entitlements;
				CODE_SIGN_STYLE = Automatic;
				CURRENT_PROJECT_VERSION = 1;
				DEVELOPMENT_TEAM = X4KXY85MB9;
				GENERATE_INFOPLIST_FILE = YES;
				INFOPLIST_FILE = Bookie/Support/Info.plist;
				INFOPLIST_KEY_UIApplicationSupportsIndirectInputEvents = YES;
				INFOPLIST_KEY_UILaunchStoryboardName = LaunchScreen;
				INFOPLIST_KEY_UISupportedInterfaceOrientations = "UIInterfaceOrientationLandscapeLeft UIInterfaceOrientationLandscapeRight UIInterfaceOrientationPortrait UIInterfaceOrientationPortraitUpsideDown";
				LD_RUNPATH_SEARCH_PATHS = (
					"$(inherited)",
					"@executable_path/Frameworks",
				);
				MARKETING_VERSION = 1.0;
				PRODUCT_BUNDLE_IDENTIFIER = kr.gyun.Bookie;
				PRODUCT_NAME = "$(TARGET_NAME)";
				SWIFT_EMIT_LOC_STRINGS = YES;
				SWIFT_VERSION = 5.0;
				TARGETED_DEVICE_FAMILY = "1,2";
			};
			name = Debug;
		};
		22990C312A6EBF8C001CF1B3 /* Release */ = {
			isa = XCBuildConfiguration;
			baseConfigurationReference = 2201C70C2AF0EEFB001A93B5 /* Secrets.xcconfig */;
			buildSettings = {
				ASSETCATALOG_COMPILER_APPICON_NAME = AppIcon;
				ASSETCATALOG_COMPILER_GLOBAL_ACCENT_COLOR_NAME = AccentColor;
				CODE_SIGN_ENTITLEMENTS = Bookie/Support/Bookie.entitlements;
				CODE_SIGN_STYLE = Automatic;
				CURRENT_PROJECT_VERSION = 1;
				DEVELOPMENT_TEAM = X4KXY85MB9;
				GENERATE_INFOPLIST_FILE = YES;
				INFOPLIST_FILE = Bookie/Support/Info.plist;
				INFOPLIST_KEY_UIApplicationSupportsIndirectInputEvents = YES;
				INFOPLIST_KEY_UILaunchStoryboardName = LaunchScreen;
				INFOPLIST_KEY_UISupportedInterfaceOrientations = "UIInterfaceOrientationLandscapeLeft UIInterfaceOrientationLandscapeRight UIInterfaceOrientationPortrait UIInterfaceOrientationPortraitUpsideDown";
				LD_RUNPATH_SEARCH_PATHS = (
					"$(inherited)",
					"@executable_path/Frameworks",
				);
				MARKETING_VERSION = 1.0;
				PRODUCT_BUNDLE_IDENTIFIER = kr.gyun.Bookie;
				PRODUCT_NAME = "$(TARGET_NAME)";
				SWIFT_EMIT_LOC_STRINGS = YES;
				SWIFT_VERSION = 5.0;
				TARGETED_DEVICE_FAMILY = "1,2";
			};
			name = Release;
		};
/* End XCBuildConfiguration section */

/* Begin XCConfigurationList section */
		22990BFD2A6EBF83001CF1B3 /* Build configuration list for PBXProject "Bookie" */ = {
			isa = XCConfigurationList;
			buildConfigurations = (
				22990C2D2A6EBF8C001CF1B3 /* Debug */,
				22990C2E2A6EBF8C001CF1B3 /* Release */,
			);
			defaultConfigurationIsVisible = 0;
			defaultConfigurationName = Release;
		};
		22990C2F2A6EBF8C001CF1B3 /* Build configuration list for PBXNativeTarget "Bookie" */ = {
			isa = XCConfigurationList;
			buildConfigurations = (
				22990C302A6EBF8C001CF1B3 /* Debug */,
				22990C312A6EBF8C001CF1B3 /* Release */,
			);
			defaultConfigurationIsVisible = 0;
			defaultConfigurationName = Release;
		};
/* End XCConfigurationList section */

/* Begin XCRemoteSwiftPackageReference section */
		22D9C9802AFCAB6A00DC72B4 /* XCRemoteSwiftPackageReference "swift" */ = {
			isa = XCRemoteSwiftPackageReference;
			repositoryURL = "https://github.com/airbnb/swift";
			requirement = {
				kind = upToNextMajorVersion;
				minimumVersion = 1.0.5;
			};
		};
/* End XCRemoteSwiftPackageReference section */

/* Begin XCVersionGroup section */
		22990C0E2A6EBF84001CF1B3 /* Bookie.xcdatamodeld */ = {
			isa = XCVersionGroup;
			children = (
				22990C0F2A6EBF84001CF1B3 /* Bookie.xcdatamodel */,
			);
			currentVersion = 22990C0F2A6EBF84001CF1B3 /* Bookie.xcdatamodel */;
			path = Bookie.xcdatamodeld;
			sourceTree = "<group>";
			versionGroupType = wrapper.xcdatamodel;
		};
/* End XCVersionGroup section */
	};
	rootObject = 22990BFA2A6EBF83001CF1B3 /* Project object */;
}
